
Microsoft Visual Studio Solution File, Format Version 12.00
# Visual Studio 15
VisualStudioVersion = 15.0.27428.2043
MinimumVisualStudioVersion = 10.0.40219.1
Project("{9A19103F-16F7-4668-BE54-9A1E7A4F7556}") = "ConsoleApp2", "ConsoleApp2\ConsoleApp2.csproj", "{48B2BF11-FB01-4CA9-ACBD-FE5E4FECFBCB}"
EndProject
Project("{FAE04EC0-301F-11D3-BF4B-00C04F79EFBC}") = "ConsoleTest", "ConsoleTest\ConsoleTest.csproj", "{8B956FB5-2AD7-4030-84F3-98D5CB6CE463}"
EndProject
Global
	GlobalSection(SolutionConfigurationPlatforms) = preSolution
		Debug|Any CPU = Debug|Any CPU
		Release|Any CPU = Release|Any CPU
	EndGlobalSection
	GlobalSection(ProjectConfigurationPlatforms) = postSolution
		{48B2BF11-FB01-4CA9-ACBD-FE5E4FECFBCB}.Debug|Any CPU.ActiveCfg = Debug|Any CPU
		{48B2BF11-FB01-4CA9-ACBD-FE5E4FECFBCB}.Debug|Any CPU.Build.0 = Debug|Any CPU
		{48B2BF11-FB01-4CA9-ACBD-FE5E4FECFBCB}.Release|Any CPU.ActiveCfg = Release|Any CPU
		{48B2BF11-FB01-4CA9-ACBD-FE5E4FECFBCB}.Release|Any CPU.Build.0 = Release|Any CPU
		{8B956FB5-2AD7-4030-84F3-98D5CB6CE463}.Debug|Any CPU.ActiveCfg = Debug|Any CPU
		{8B956FB5-2AD7-4030-84F3-98D5CB6CE463}.Debug|Any CPU.Build.0 = Debug|Any CPU
		{8B956FB5-2AD7-4030-84F3-98D5CB6CE463}.Release|Any CPU.ActiveCfg = Release|Any CPU
		{8B956FB5-2AD7-4030-84F3-98D5CB6CE463}.Release|Any CPU.Build.0 = Release|Any CPU
	EndGlobalSection
	GlobalSection(SolutionProperties) = preSolution
		HideSolutionNode = FALSE
	EndGlobalSection
	GlobalSection(ExtensibilityGlobals) = postSolution
		SolutionGuid = {E8BC6EA6-438A-48AF-8AF9-294A9FE0BE2D}
	EndGlobalSection
EndGlobal
